
Microsoft Visual Studio Solution File, Format Version 12.00
# Visual Studio Version 18
VisualStudioVersion = 18.8.12023.21 stable
MinimumVisualStudioVersion = 10.0.40219.1
Project("{FAE04EC0-301F-11D3-BF4B-00C04F79EFBC}") = "SoftCircuits.Parsers.FixedWidth", "SoftCircuits.Parsers.FixedWidthParser\SoftCircuits.Parsers.FixedWidth.csproj", "{4600B35C-01D0-4C77-954D-23CCA4D22787}"
EndProject
Project("{FAE04EC0-301F-11D3-BF4B-00C04F79EFBC}") = "FixedWidthParser.Tests", "FixedWidthParser.Tests\FixedWidthParser.Tests.csproj", "{6947F126-3C82-46EE-8172-7D500BFA831A}"
EndProject
Global
	GlobalSection(SolutionConfigurationPlatforms) = preSolution
		Debug|Any CPU = Debug|Any CPU
		Release|Any CPU = Release|Any CPU
	EndGlobalSection
	GlobalSection(ProjectConfigurationPlatforms) = postSolution
		{4600B35C-01D0-4C77-954D-23CCA4D22787}.Debug|Any CPU.ActiveCfg = Debug|Any CPU
		{4600B35C-01D0-4C77-954D-23CCA4D22787}.Debug|Any CPU.Build.0 = Debug|Any CPU
		{4600B35C-01D0-4C77-954D-23CCA4D22787}.Release|Any CPU.ActiveCfg = Release|Any CPU
		{4600B35C-01D0-4C77-954D-23CCA4D22787}.Release|Any CPU.Build.0 = Release|Any CPU
		{6947F126-3C82-46EE-8172-7D500BFA831A}.Debug|Any CPU.ActiveCfg = Debug|Any CPU
		{6947F126-3C82-46EE-8172-7D500BFA831A}.Debug|Any CPU.Build.0 = Debug|Any CPU
		{6947F126-3C82-46EE-8172-7D500BFA831A}.Release|Any CPU.ActiveCfg = Release|Any CPU
		{6947F126-3C82-46EE-8172-7D500BFA831A}.Release|Any CPU.Build.0 = Release|Any CPU
	EndGlobalSection
	GlobalSection(SolutionProperties) = preSolution
		HideSolutionNode = FALSE
	EndGlobalSection
	GlobalSection(ExtensibilityGlobals) = postSolution
		SolutionGuid = {BFF9675D-4CE3-4E1F-BE76-D519DD05FA6B}
	EndGlobalSection
EndGlobal
